
Microsoft Visual Studio Solution File, Format Version 12.00
# Visual Studio Version 16
VisualStudioVersion = 16.0.29306.81
MinimumVisualStudioVersion = 10.0.40219.1
Project("{FAE04EC0-301F-11D3-BF4B-00C04F79EFBC}") = "unzipnew", "unzipnew\unzipnew.csproj", "{F7044C31-3B67-4552-A6DF-075DCF494DAC}"
EndProject
Global
	GlobalSection(SolutionConfigurationPlatforms) = preSolution
		Debug|Any CPU = Debug|Any CPU
		Release|Any CPU = Release|Any CPU
	EndGlobalSection
	GlobalSection(ProjectConfigurationPlatforms) = postSolution
		{F7044C31-3B67-4552-A6DF-075DCF494DAC}.Debug|Any CPU.ActiveCfg = Debug|Any CPU
		{F7044C31-3B67-4552-A6DF-075DCF494DAC}.Debug|Any CPU.Build.0 = Debug|Any CPU
		{F7044C31-3B67-4552-A6DF-075DCF494DAC}.Release|Any CPU.ActiveCfg = Release|Any CPU
		{F7044C31-3B67-4552-A6DF-075DCF494DAC}.Release|Any CPU.Build.0 = Release|Any CPU
	EndGlobalSection
	GlobalSection(SolutionProperties) = preSolution
		HideSolutionNode = FALSE
	EndGlobalSection
	GlobalSection(ExtensibilityGlobals) = postSolution
		SolutionGuid = {6AC96363-ED96-4ACA-A4A1-8E9305C0B21F}
	EndGlobalSection
EndGlobal
